
Microsoft Visual Studio Solution File, Format Version 12.00
# Visual Studio Version 17
VisualStudioVersion = 17.11.35327.3
MinimumVisualStudioVersion = 10.0.40219.1
Project("{FAE04EC0-301F-11D3-BF4B-00C04F79EFBC}") = "Model", "Model.csproj", "{51828F7C-FFB3-4149-931A-1168D6997B81}"
EndProject
Project("{FAE04EC0-301F-11D3-BF4B-00C04F79EFBC}") = "Formulas", "..\Formulas\Formulas.csproj", "{F308DACF-7A74-4213-8E1A-38BBA82F56A1}"
EndProject
Global
	GlobalSection(SolutionConfigurationPlatforms) = preSolution
		Debug|Any CPU = Debug|Any CPU
		Release|Any CPU = Release|Any CPU
	EndGlobalSection
	GlobalSection(ProjectConfigurationPlatforms) = postSolution
		{51828F7C-FFB3-4149-931A-1168D6997B81}.Debug|Any CPU.ActiveCfg = Debug|Any CPU
		{51828F7C-FFB3-4149-931A-1168D6997B81}.Debug|Any CPU.Build.0 = Debug|Any CPU
		{51828F7C-FFB3-4149-931A-1168D6997B81}.Release|Any CPU.ActiveCfg = Release|Any CPU
		{51828F7C-FFB3-4149-931A-1168D6997B81}.Release|Any CPU.Build.0 = Release|Any CPU
		{F308DACF-7A74-4213-8E1A-38BBA82F56A1}.Debug|Any CPU.ActiveCfg = Debug|Any CPU
		{F308DACF-7A74-4213-8E1A-38BBA82F56A1}.Debug|Any CPU.Build.0 = Debug|Any CPU
		{F308DACF-7A74-4213-8E1A-38BBA82F56A1}.Release|Any CPU.ActiveCfg = Release|Any CPU
		{F308DACF-7A74-4213-8E1A-38BBA82F56A1}.Release|Any CPU.Build.0 = Release|Any CPU
	EndGlobalSection
	GlobalSection(SolutionProperties) = preSolution
		HideSolutionNode = FALSE
	EndGlobalSection
	GlobalSection(ExtensibilityGlobals) = postSolution
		SolutionGuid = {778E1789-D5C9-4313-BAE4-839D59C2D97E}
	EndGlobalSection
EndGlobal
